{
	"requires": true,
	"lockfileVersion": 1,
	"dependencies": {
		"base2048": {
			"version": "2.0.2",
			"resolved": "https://registry.npmmirror.com/base2048/-/base2048-2.0.2.tgz",
			"integrity": "sha512-C2zXZf5AY2re5bUloEgZcidQmiKvS3bob6cKDjDiYRW27w6t06O9pDa+JxPkl2zVUB88qnVZ3nu2KvZUyIDOWg=="
		},
		"elizabot": {
			"version": "0.0.3"
		}
	}
}
